
Microsoft Visual Studio Solution File, Format Version 12.00
# Visual Studio Version 17
VisualStudioVersion = 17.3.32922.545
MinimumVisualStudioVersion = 10.0.40219.1
Project("{FAE04EC0-301F-11D3-BF4B-00C04F79EFBC}") = "Abstraction", "Abstraction\Abstraction.csproj", "{632FCECD-AD6A-45B6-9EE2-5CB1AC3C06E5}"
EndProject
Global
	GlobalSection(SolutionConfigurationPlatforms) = preSolution
		Debug|Any CPU = Debug|Any CPU
		Release|Any CPU = Release|Any CPU
	EndGlobalSection
	GlobalSection(ProjectConfigurationPlatforms) = postSolution
		{632FCECD-AD6A-45B6-9EE2-5CB1AC3C06E5}.Debug|Any CPU.ActiveCfg = Debug|Any CPU
		{632FCECD-AD6A-45B6-9EE2-5CB1AC3C06E5}.Debug|Any CPU.Build.0 = Debug|Any CPU
		{632FCECD-AD6A-45B6-9EE2-5CB1AC3C06E5}.Release|Any CPU.ActiveCfg = Release|Any CPU
		{632FCECD-AD6A-45B6-9EE2-5CB1AC3C06E5}.Release|Any CPU.Build.0 = Release|Any CPU
	EndGlobalSection
	GlobalSection(SolutionProperties) = preSolution
		HideSolutionNode = FALSE
	EndGlobalSection
	GlobalSection(ExtensibilityGlobals) = postSolution
		SolutionGuid = {0633DFDB-DE92-4927-8559-545917A75E87}
	EndGlobalSection
EndGlobal
